// !$*UTF8*$!
{
	archiveVersion = 1;
	classes = {
	};
	objectVersion = 46;
	objects = {

/* Begin PBXBuildFile section */
		B3440C64141872BC00F236EB /* MonsterIdentifier.m in Sources */ = {isa = PBXBuildFile; fileRef = B3440C63141872BC00F236EB /* MonsterIdentifier.m */; };
		B3C1834814207BE70099D5D5 /* bg-pattern-title.png in Resources */ = {isa = PBXBuildFile; fileRef = B3C1834614207BE70099D5D5 /* bg-pattern-title.png */; };
		B3C1834914207BE70099D5D5 /* logo-string.png in Resources */ = {isa = PBXBuildFile; fileRef = B3C1834714207BE70099D5D5 /* logo-string.png */; };
		B3D23C91140C7D8800E724C5 /* UIKit.framework in Frameworks */ = {isa = PBXBuildFile; fileRef = B3D23C90140C7D8800E724C5 /* UIKit.framework */; };
		B3D23C93140C7D8800E724C5 /* Foundation.framework in Frameworks */ = {isa = PBXBuildFile; fileRef = B3D23C92140C7D8800E724C5 /* Foundation.framework */; };
		B3D23C99140C7D8800E724C5 /* InfoPlist.strings in Resources */ = {isa = PBXBuildFile; fileRef = B3D23C97140C7D8800E724C5 /* InfoPlist.strings */; };
		B3D23C9B140C7D8800E724C5 /* main.m in Sources */ = {isa = PBXBuildFile; fileRef = B3D23C9A140C7D8800E724C5 /* main.m */; };
		B3D23C9F140C7D8800E724C5 /* AppDelegate.m in Sources */ = {isa = PBXBuildFile; fileRef = B3D23C9E140C7D8800E724C5 /* AppDelegate.m */; };
		B3D23CA2140C7D8800E724C5 /* ViewController.m in Sources */ = {isa = PBXBuildFile; fileRef = B3D23CA1140C7D8800E724C5 /* ViewController.m */; };
		B3D23CA5140C7D8800E724C5 /* ViewController_iPhone.xib in Resources */ = {isa = PBXBuildFile; fileRef = B3D23CA3140C7D8800E724C5 /* ViewController_iPhone.xib */; };
		B3D23CA8140C7D8800E724C5 /* ViewController_iPad.xib in Resources */ = {isa = PBXBuildFile; fileRef = B3D23CA6140C7D8800E724C5 /* ViewController_iPad.xib */; };
		B3D23CBC140C7DFF00E724C5 /* MetricMonster.m in Sources */ = {isa = PBXBuildFile; fileRef = B3D23CB7140C7DFF00E724C5 /* MetricMonster.m */; };
		B3D23CBD140C7DFF00E724C5 /* MonsterJSON.m in Sources */ = {isa = PBXBuildFile; fileRef = B3D23CB9140C7DFF00E724C5 /* MonsterJSON.m */; };
		B3D23CBE140C7DFF00E724C5 /* MonsterRequest.m in Sources */ = {isa = PBXBuildFile; fileRef = B3D23CBB140C7DFF00E724C5 /* MonsterRequest.m */; };
		B3E3E0F01421A17500C01E84 /* mmbg.png in Resources */ = {isa = PBXBuildFile; fileRef = B3E3E0EF1421A17500C01E84 /* mmbg.png */; };
		B3E3E0F91421A31F00C01E84 /* Icon.png in Resources */ = {isa = PBXBuildFile; fileRef = B3E3E0F81421A31F00C01E84 /* Icon.png */; };
		B3E3E0FB1421A32700C01E84 /* Icon@2x.png in Resources */ = {isa = PBXBuildFile; fileRef = B3E3E0FA1421A32700C01E84 /* Icon@2x.png */; };
		B3E3E0FD1421A3A900C01E84 /* Icon-72.png in Resources */ = {isa = PBXBuildFile; fileRef = B3E3E0FC1421A3A900C01E84 /* Icon-72.png */; };
		B3E3E1011421A5FC00C01E84 /* Default-Landscape~ipad.png in Resources */ = {isa = PBXBuildFile; fileRef = B3E3E0FE1421A5FC00C01E84 /* Default-Landscape~ipad.png */; };
		B3E3E1021421A5FC00C01E84 /* Default.png in Resources */ = {isa = PBXBuildFile; fileRef = B3E3E0FF1421A5FC00C01E84 /* Default.png */; };
		B3E3E1031421A5FC00C01E84 /* Default@2x.png in Resources */ = {isa = PBXBuildFile; fileRef = B3E3E1001421A5FC00C01E84 /* Default@2x.png */; };
/* End PBXBuildFile section */

/* Begin PBXFileReference section */
		B3440C62141872BC00F236EB /* MonsterIdentifier.h */ = {isa = PBXFileReference; fileEncoding = 4; lastKnownFileType = sourcecode.c.h; path = MonsterIdentifier.h; sourceTree = "<group>"; };
		B3440C63141872BC00F236EB /* MonsterIdentifier.m */ = {isa = PBXFileReference; fileEncoding = 4; lastKnownFileType = sourcecode.c.objc; path = MonsterIdentifier.m; sourceTree = "<group>"; };
		B3C1834614207BE70099D5D5 /* bg-pattern-title.png */ = {isa = PBXFileReference; lastKnownFileType = image.png; path = "bg-pattern-title.png"; sourceTree = "<group>"; };
		B3C1834714207BE70099D5D5 /* logo-string.png */ = {isa = PBXFileReference; lastKnownFileType = image.png; path = "logo-string.png"; sourceTree = "<group>"; };
		B3D23C8C140C7D8800E724C5 /* monsterTester.app */ = {isa = PBXFileReference; explicitFileType = wrapper.application; includeInIndex = 0; path = monsterTester.app; sourceTree = BUILT_PRODUCTS_DIR; };
		B3D23C90140C7D8800E724C5 /* UIKit.framework */ = {isa = PBXFileReference; lastKnownFileType = wrapper.framework; name = UIKit.framework; path = System/Library/Frameworks/UIKit.framework; sourceTree = SDKROOT; };
		B3D23C92140C7D8800E724C5 /* Foundation.framework */ = {isa = PBXFileReference; lastKnownFileType = wrapper.framework; name = Foundation.framework; path = System/Library/Frameworks/Foundation.framework; sourceTree = SDKROOT; };
		B3D23C96140C7D8800E724C5 /* monsterTester-Info.plist */ = {isa = PBXFileReference; lastKnownFileType = text.plist.xml; path = "monsterTester-Info.plist"; sourceTree = "<group>"; };
		B3D23C98140C7D8800E724C5 /* en */ = {isa = PBXFileReference; lastKnownFileType = text.plist.strings; name = en; path = en.lproj/InfoPlist.strings; sourceTree = "<group>"; };
		B3D23C9A140C7D8800E724C5 /* main.m */ = {isa = PBXFileReference; lastKnownFileType = sourcecode.c.objc; path = main.m; sourceTree = "<group>"; };
		B3D23C9C140C7D8800E724C5 /* monsterTester-Prefix.pch */ = {isa = PBXFileReference; lastKnownFileType = sourcecode.c.h; path = "monsterTester-Prefix.pch"; sourceTree = "<group>"; };
		B3D23C9D140C7D8800E724C5 /* AppDelegate.h */ = {isa = PBXFileReference; lastKnownFileType = sourcecode.c.h; path = AppDelegate.h; sourceTree = "<group>"; };
		B3D23C9E140C7D8800E724C5 /* AppDelegate.m */ = {isa = PBXFileReference; lastKnownFileType = sourcecode.c.objc; path = AppDelegate.m; sourceTree = "<group>"; };
		B3D23CA0140C7D8800E724C5 /* ViewController.h */ = {isa = PBXFileReference; lastKnownFileType = sourcecode.c.h; path = ViewController.h; sourceTree = "<group>"; };
		B3D23CA1140C7D8800E724C5 /* ViewController.m */ = {isa = PBXFileReference; lastKnownFileType = sourcecode.c.objc; path = ViewController.m; sourceTree = "<group>"; };
		B3D23CA4140C7D8800E724C5 /* en */ = {isa = PBXFileReference; lastKnownFileType = file.xib; name = en; path = en.lproj/ViewController_iPhone.xib; sourceTree = "<group>"; };
		B3D23CA7140C7D8800E724C5 /* en */ = {isa = PBXFileReference; lastKnownFileType = file.xib; name = en; path = en.lproj/ViewController_iPad.xib; sourceTree = "<group>"; };
		B3D23CB6140C7DFF00E724C5 /* MetricMonster.h */ = {isa = PBXFileReference; fileEncoding = 4; lastKnownFileType = sourcecode.c.h; path = MetricMonster.h; sourceTree = "<group>"; };
		B3D23CB7140C7DFF00E724C5 /* MetricMonster.m */ = {isa = PBXFileReference; fileEncoding = 4; lastKnownFileType = sourcecode.c.objc; path = MetricMonster.m; sourceTree = "<group>"; };
		B3D23CB8140C7DFF00E724C5 /* MonsterJSON.h */ = {isa = PBXFileReference; fileEncoding = 4; lastKnownFileType = sourcecode.c.h; path = MonsterJSON.h; sourceTree = "<group>"; };
		B3D23CB9140C7DFF00E724C5 /* MonsterJSON.m */ = {isa = PBXFileReference; fileEncoding = 4; lastKnownFileType = sourcecode.c.objc; path = MonsterJSON.m; sourceTree = "<group>"; };
		B3D23CBA140C7DFF00E724C5 /* MonsterRequest.h */ = {isa = PBXFileReference; fileEncoding = 4; lastKnownFileType = sourcecode.c.h; path = MonsterRequest.h; sourceTree = "<group>"; };
		B3D23CBB140C7DFF00E724C5 /* MonsterRequest.m */ = {isa = PBXFileReference; fileEncoding = 4; lastKnownFileType = sourcecode.c.objc; path = MonsterRequest.m; sourceTree = "<group>"; };
		B3E3E0EF1421A17500C01E84 /* mmbg.png */ = {isa = PBXFileReference; lastKnownFileType = image.png; path = mmbg.png; sourceTree = "<group>"; };
		B3E3E0F81421A31F00C01E84 /* Icon.png */ = {isa = PBXFileReference; lastKnownFileType = image.png; path = Icon.png; sourceTree = "<group>"; };
		B3E3E0FA1421A32700C01E84 /* Icon@2x.png */ = {isa = PBXFileReference; lastKnownFileType = image.png; path = "Icon@2x.png"; sourceTree = "<group>"; };
		B3E3E0FC1421A3A900C01E84 /* Icon-72.png */ = {isa = PBXFileReference; lastKnownFileType = image.png; path = "Icon-72.png"; sourceTree = "<group>"; };
		B3E3E0FE1421A5FC00C01E84 /* Default-Landscape~ipad.png */ = {isa = PBXFileReference; lastKnownFileType = image.png; name = "Default-Landscape~ipad.png"; path = "monsterTester/Default-Landscape~ipad.png"; sourceTree = "<group>"; };
		B3E3E0FF1421A5FC00C01E84 /* Default.png */ = {isa = PBXFileReference; lastKnownFileType = image.png; name = Default.png; path = monsterTester/Default.png; sourceTree = "<group>"; };
		B3E3E1001421A5FC00C01E84 /* Default@2x.png */ = {isa = PBXFileReference; lastKnownFileType = image.png; name = "Default@2x.png"; path = "monsterTester/Default@2x.png"; sourceTree = "<group>"; };
/* End PBXFileReference section */

/* Begin PBXFrameworksBuildPhase section */
		B3D23C89140C7D8800E724C5 /* Frameworks */ = {
			isa = PBXFrameworksBuildPhase;
			buildActionMask = 2147483647;
			files = (
				B3D23C91140C7D8800E724C5 /* UIKit.framework in Frameworks */,
				B3D23C93140C7D8800E724C5 /* Foundation.framework in Frameworks */,
			);
			runOnlyForDeploymentPostprocessing = 0;
		};
/* End PBXFrameworksBuildPhase section */

/* Begin PBXGroup section */
		B3C1834514207BE70099D5D5 /* assets */ = {
			isa = PBXGroup;
			children = (
				B3E3E0EF1421A17500C01E84 /* mmbg.png */,
				B3C1834614207BE70099D5D5 /* bg-pattern-title.png */,
				B3C1834714207BE70099D5D5 /* logo-string.png */,
			);
			path = assets;
			sourceTree = "<group>";
		};
		B3D23C81140C7D8800E724C5 = {
			isa = PBXGroup;
			children = (
				B3E3E0FE1421A5FC00C01E84 /* Default-Landscape~ipad.png */,
				B3E3E0FF1421A5FC00C01E84 /* Default.png */,
				B3E3E1001421A5FC00C01E84 /* Default@2x.png */,
				B3E3E0FC1421A3A900C01E84 /* Icon-72.png */,
				B3E3E0FA1421A32700C01E84 /* Icon@2x.png */,
				B3E3E0F81421A31F00C01E84 /* Icon.png */,
				B3D23CB4140C7DFF00E724C5 /* libMonster */,
				B3D23C94140C7D8800E724C5 /* monsterTester */,
				B3D23C8F140C7D8800E724C5 /* Frameworks */,
				B3D23C8D140C7D8800E724C5 /* Products */,
			);
			sourceTree = "<group>";
		};
		B3D23C8D140C7D8800E724C5 /* Products */ = {
			isa = PBXGroup;
			children = (
				B3D23C8C140C7D8800E724C5 /* monsterTester.app */,
			);
			name = Products;
			sourceTree = "<group>";
		};
		B3D23C8F140C7D8800E724C5 /* Frameworks */ = {
			isa = PBXGroup;
			children = (
				B3D23C90140C7D8800E724C5 /* UIKit.framework */,
				B3D23C92140C7D8800E724C5 /* Foundation.framework */,
			);
			name = Frameworks;
			sourceTree = "<group>";
		};
		B3D23C94140C7D8800E724C5 /* monsterTester */ = {
			isa = PBXGroup;
			children = (
				B3C1834514207BE70099D5D5 /* assets */,
				B3D23C9D140C7D8800E724C5 /* AppDelegate.h */,
				B3D23C9E140C7D8800E724C5 /* AppDelegate.m */,
				B3D23CA0140C7D8800E724C5 /* ViewController.h */,
				B3D23CA1140C7D8800E724C5 /* ViewController.m */,
				B3D23CA3140C7D8800E724C5 /* ViewController_iPhone.xib */,
				B3D23CA6140C7D8800E724C5 /* ViewController_iPad.xib */,
				B3D23C95140C7D8800E724C5 /* Supporting Files */,
			);
			path = monsterTester;
			sourceTree = "<group>";
		};
		B3D23C95140C7D8800E724C5 /* Supporting Files */ = {
			isa = PBXGroup;
			children = (
				B3D23C96140C7D8800E724C5 /* monsterTester-Info.plist */,
				B3D23C97140C7D8800E724C5 /* InfoPlist.strings */,
				B3D23C9A140C7D8800E724C5 /* main.m */,
				B3D23C9C140C7D8800E724C5 /* monsterTester-Prefix.pch */,
			);
			name = "Supporting Files";
			sourceTree = "<group>";
		};
		B3D23CB4140C7DFF00E724C5 /* libMonster */ = {
			isa = PBXGroup;
			children = (
				B3D23CB6140C7DFF00E724C5 /* MetricMonster.h */,
				B3D23CB7140C7DFF00E724C5 /* MetricMonster.m */,
				B3440C62141872BC00F236EB /* MonsterIdentifier.h */,
				B3440C63141872BC00F236EB /* MonsterIdentifier.m */,
				B3D23CB8140C7DFF00E724C5 /* MonsterJSON.h */,
				B3D23CB9140C7DFF00E724C5 /* MonsterJSON.m */,
				B3D23CBA140C7DFF00E724C5 /* MonsterRequest.h */,
				B3D23CBB140C7DFF00E724C5 /* MonsterRequest.m */,
			);
			name = libMonster;
			path = ../libMonster/libMonster;
			sourceTree = "<group>";
		};
/* End PBXGroup section */

/* Begin PBXNativeTarget section */
		B3D23C8B140C7D8800E724C5 /* monsterTester */ = {
			isa = PBXNativeTarget;
			buildConfigurationList = B3D23CAB140C7D8800E724C5 /* Build configuration list for PBXNativeTarget "monsterTester" */;
			buildPhases = (
				B3D23C88140C7D8800E724C5 /* Sources */,
				B3D23C89140C7D8800E724C5 /* Frameworks */,
				B3D23C8A140C7D8800E724C5 /* Resources */,
			);
			buildRules = (
			);
			dependencies = (
			);
			name = monsterTester;
			productName = monsterTester;
			productReference = B3D23C8C140C7D8800E724C5 /* monsterTester.app */;
			productType = "com.apple.product-type.application";
		};
/* End PBXNativeTarget section */

/* Begin PBXProject section */
		B3D23C83140C7D8800E724C5 /* Project object */ = {
			isa = PBXProject;
			attributes = {
				LastUpgradeCheck = 0420;
				ORGANIZATIONNAME = "Digital Five";
			};
			buildConfigurationList = B3D23C86140C7D8800E724C5 /* Build configuration list for PBXProject "monsterTester" */;
			compatibilityVersion = "Xcode 3.2";
			developmentRegion = English;
			hasScannedForEncodings = 0;
			knownRegions = (
				en,
			);
			mainGroup = B3D23C81140C7D8800E724C5;
			productRefGroup = B3D23C8D140C7D8800E724C5 /* Products */;
			projectDirPath = "";
			projectRoot = "";
			targets = (
				B3D23C8B140C7D8800E724C5 /* monsterTester */,
			);
		};
/* End PBXProject section */

/* Begin PBXResourcesBuildPhase section */
		B3D23C8A140C7D8800E724C5 /* Resources */ = {
			isa = PBXResourcesBuildPhase;
			buildActionMask = 2147483647;
			files = (
				B3D23C99140C7D8800E724C5 /* InfoPlist.strings in Resources */,
				B3D23CA5140C7D8800E724C5 /* ViewController_iPhone.xib in Resources */,
				B3D23CA8140C7D8800E724C5 /* ViewController_iPad.xib in Resources */,
				B3C1834814207BE70099D5D5 /* bg-pattern-title.png in Resources */,
				B3C1834914207BE70099D5D5 /* logo-string.png in Resources */,
				B3E3E0F01421A17500C01E84 /* mmbg.png in Resources */,
				B3E3E0F91421A31F00C01E84 /* Icon.png in Resources */,
				B3E3E0FB1421A32700C01E84 /* Icon@2x.png in Resources */,
				B3E3E0FD1421A3A900C01E84 /* Icon-72.png in Resources */,
				B3E3E1011421A5FC00C01E84 /* Default-Landscape~ipad.png in Resources */,
				B3E3E1021421A5FC00C01E84 /* Default.png in Resources */,
				B3E3E1031421A5FC00C01E84 /* Default@2x.png in Resources */,
			);
			runOnlyForDeploymentPostprocessing = 0;
		};
/* End PBXResourcesBuildPhase section */

/* Begin PBXSourcesBuildPhase section */
		B3D23C88140C7D8800E724C5 /* Sources */ = {
			isa = PBXSourcesBuildPhase;
			buildActionMask = 2147483647;
			files = (
				B3D23C9B140C7D8800E724C5 /* main.m in Sources */,
				B3D23C9F140C7D8800E724C5 /* AppDelegate.m in Sources */,
				B3D23CA2140C7D8800E724C5 /* ViewController.m in Sources */,
				B3D23CBC140C7DFF00E724C5 /* MetricMonster.m in Sources */,
				B3D23CBD140C7DFF00E724C5 /* MonsterJSON.m in Sources */,
				B3D23CBE140C7DFF00E724C5 /* MonsterRequest.m in Sources */,
				B3440C64141872BC00F236EB /* MonsterIdentifier.m in Sources */,
			);
			runOnlyForDeploymentPostprocessing = 0;
		};
/* End PBXSourcesBuildPhase section */

/* Begin PBXVariantGroup section */
		B3D23C97140C7D8800E724C5 /* InfoPlist.strings */ = {
			isa = PBXVariantGroup;
			children = (
				B3D23C98140C7D8800E724C5 /* en */,
			);
			name = InfoPlist.strings;
			sourceTree = "<group>";
		};
		B3D23CA3140C7D8800E724C5 /* ViewController_iPhone.xib */ = {
			isa = PBXVariantGroup;
			children = (
				B3D23CA4140C7D8800E724C5 /* en */,
			);
			name = ViewController_iPhone.xib;
			sourceTree = "<group>";
		};
		B3D23CA6140C7D8800E724C5 /* ViewController_iPad.xib */ = {
			isa = PBXVariantGroup;
			children = (
				B3D23CA7140C7D8800E724C5 /* en */,
			);
			name = ViewController_iPad.xib;
			sourceTree = "<group>";
		};
/* End PBXVariantGroup section */

/* Begin XCBuildConfiguration section */
		B3D23CA9140C7D8800E724C5 /* Debug */ = {
			isa = XCBuildConfiguration;
			buildSettings = {
				ALWAYS_SEARCH_USER_PATHS = NO;
				ARCHS = "$(ARCHS_STANDARD_32_BIT)";
				CLANG_ENABLE_OBJC_ARC = NO;
				"CODE_SIGN_IDENTITY[sdk=iphoneos*]" = "iPhone Developer";
				COPY_PHASE_STRIP = NO;
				GCC_C_LANGUAGE_STANDARD = gnu99;
				GCC_DYNAMIC_NO_PIC = NO;
				GCC_OPTIMIZATION_LEVEL = 0;
				GCC_PREPROCESSOR_DEFINITIONS = (
					"DEBUG=1",
					"$(inherited)",
				);
				GCC_SYMBOLS_PRIVATE_EXTERN = NO;
				GCC_VERSION = com.apple.compilers.llvm.clang.1_0;
				GCC_WARN_ABOUT_MISSING_PROTOTYPES = YES;
				GCC_WARN_ABOUT_RETURN_TYPE = YES;
				GCC_WARN_UNUSED_VARIABLE = YES;
				IPHONEOS_DEPLOYMENT_TARGET = 4.0;
				SDKROOT = iphoneos;
				TARGETED_DEVICE_FAMILY = "1,2";
			};
			name = Debug;
		};
		B3D23CAA140C7D8800E724C5 /* Release */ = {
			isa = XCBuildConfiguration;
			buildSettings = {
				ALWAYS_SEARCH_USER_PATHS = NO;
				ARCHS = "$(ARCHS_STANDARD_32_BIT)";
				CLANG_ENABLE_OBJC_ARC = NO;
				"CODE_SIGN_IDENTITY[sdk=iphoneos*]" = "iPhone Developer";
				COPY_PHASE_STRIP = YES;
				GCC_C_LANGUAGE_STANDARD = gnu99;
				GCC_VERSION = com.apple.compilers.llvm.clang.1_0;
				GCC_WARN_ABOUT_MISSING_PROTOTYPES = YES;
				GCC_WARN_ABOUT_RETURN_TYPE = YES;
				GCC_WARN_UNUSED_VARIABLE = YES;
				IPHONEOS_DEPLOYMENT_TARGET = 4.0;
				OTHER_CFLAGS = "-DNS_BLOCK_ASSERTIONS=1";
				SDKROOT = iphoneos;
				TARGETED_DEVICE_FAMILY = "1,2";
				VALIDATE_PRODUCT = YES;
			};
			name = Release;
		};
		B3D23CAC140C7D8800E724C5 /* Debug */ = {
			isa = XCBuildConfiguration;
			buildSettings = {
				GCC_PRECOMPILE_PREFIX_HEADER = YES;
				GCC_PREFIX_HEADER = "monsterTester/monsterTester-Prefix.pch";
				GCC_PREPROCESSOR_DEFINITIONS = (
					"DEBUG=1",
					"MM_PROJECTKEY='@\"2A1PF8SSo0mjCWCFbNWPgA2\"'",
					"MM_CATALOG='@\"greedy\"'",
				);
				INFOPLIST_FILE = "monsterTester/monsterTester-Info.plist";
				OTHER_CFLAGS = "";
				PRODUCT_NAME = "$(TARGET_NAME)";
				WRAPPER_EXTENSION = app;
			};
			name = Debug;
		};
		B3D23CAD140C7D8800E724C5 /* Release */ = {
			isa = XCBuildConfiguration;
			buildSettings = {
				GCC_PRECOMPILE_PREFIX_HEADER = YES;
				GCC_PREFIX_HEADER = "monsterTester/monsterTester-Prefix.pch";
				GCC_PREPROCESSOR_DEFINITIONS = (
					"MM_PROJECTKEY='@\"2A1PF8SSo0mjCWCFbNWPgA2\"'",
					"MM_CATALOG='@\"greedy\"'",
				);
				INFOPLIST_FILE = "monsterTester/monsterTester-Info.plist";
				OTHER_CFLAGS = "-DNS_BLOCK_ASSERTIONS=1";
				PRODUCT_NAME = "$(TARGET_NAME)";
				WRAPPER_EXTENSION = app;
			};
			name = Release;
		};
/* End XCBuildConfiguration section */

/* Begin XCConfigurationList section */
		B3D23C86140C7D8800E724C5 /* Build configuration list for PBXProject "monsterTester" */ = {
			isa = XCConfigurationList;
			buildConfigurations = (
				B3D23CA9140C7D8800E724C5 /* Debug */,
				B3D23CAA140C7D8800E724C5 /* Release */,
			);
			defaultConfigurationIsVisible = 0;
			defaultConfigurationName = Release;
		};
		B3D23CAB140C7D8800E724C5 /* Build configuration list for PBXNativeTarget "monsterTester" */ = {
			isa = XCConfigurationList;
			buildConfigurations = (
				B3D23CAC140C7D8800E724C5 /* Debug */,
				B3D23CAD140C7D8800E724C5 /* Release */,
			);
			defaultConfigurationIsVisible = 0;
			defaultConfigurationName = Release;
		};
/* End XCConfigurationList section */
	};
	rootObject = B3D23C83140C7D8800E724C5 /* Project object */;
}
